{
  "version": 4,
  "terraform_version": "1.4.6",
  "serial": 3,
  "lineage": "2dd36184-960d-d0c2-349b-a45713b58f6f",
  "outputs": {},
  "resources": [
    {
      "module": "module.mySubnet",
      "mode": "managed",
      "type": "aws_subnet",
      "name": "ninjaSubnet",
      "provider": "provider[\"registry.terraform.io/hashicorp/aws\"]",
      "instances": [
        {
          "schema_version": 1,
          "attributes": {
            "arn": "arn:aws:ec2:ap-south-1:313578065517:subnet/subnet-02d064a4895684a6d",
            "assign_ipv6_address_on_creation": false,
            "availability_zone": "ap-south-1b",
            "availability_zone_id": "aps1-az3",
            "cidr_block": "10.0.0.0/24",
            "customer_owned_ipv4_pool": "",
            "enable_dns64": false,
            "enable_lni_at_device_index": 0,
            "enable_resource_name_dns_a_record_on_launch": false,
            "enable_resource_name_dns_aaaa_record_on_launch": false,
            "id": "subnet-02d064a4895684a6d",
            "ipv6_cidr_block": "",
            "ipv6_cidr_block_association_id": "",
            "ipv6_native": false,
            "map_customer_owned_ip_on_launch": false,
            "map_public_ip_on_launch": false,
            "outpost_arn": "",
            "owner_id": "313578065517",
            "private_dns_hostname_type_on_launch": "ip-name",
            "tags": {
              "Name": "ninjaSubnet"
            },
            "tags_all": {
              "Name": "ninjaSubnet"
            },
            "timeouts": null,
            "vpc_id": "vpc-0ed91954e16ae9f5f"
          },
          "sensitive_attributes": [],
          "private": "eyJlMmJmYjczMC1lY2FhLTExZTYtOGY4OC0zNDM2M2JjN2M0YzAiOnsiY3JlYXRlIjo2MDAwMDAwMDAwMDAsImRlbGV0ZSI6MTIwMDAwMDAwMDAwMH0sInNjaGVtYV92ZXJzaW9uIjoiMSJ9",
          "dependencies": [
            "module.myVpc.aws_vpc.ninjaVpc"
          ]
        }
      ]
    },
    {
      "module": "module.myVpc",
      "mode": "managed",
      "type": "aws_vpc",
      "name": "ninjaVpc",
      "provider": "provider[\"registry.terraform.io/hashicorp/aws\"]",
      "instances": [
        {
          "schema_version": 1,
          "attributes": {
            "arn": "arn:aws:ec2:ap-south-1:313578065517:vpc/vpc-0ed91954e16ae9f5f",
            "assign_generated_ipv6_cidr_block": false,
            "cidr_block": "10.0.0.0/16",
            "default_network_acl_id": "acl-01d994a332c8ad470",
            "default_route_table_id": "rtb-00573f76fdbff26b7",
            "default_security_group_id": "sg-0fa7fc8fdb77f194d",
            "dhcp_options_id": "dopt-064bc029d18f6fb35",
            "enable_dns_hostnames": false,
            "enable_dns_support": true,
            "enable_network_address_usage_metrics": false,
            "id": "vpc-0ed91954e16ae9f5f",
            "instance_tenancy": "default",
            "ipv4_ipam_pool_id": null,
            "ipv4_netmask_length": null,
            "ipv6_association_id": "",
            "ipv6_cidr_block": "",
            "ipv6_cidr_block_network_border_group": "",
            "ipv6_ipam_pool_id": "",
            "ipv6_netmask_length": 0,
            "main_route_table_id": "rtb-00573f76fdbff26b7",
            "owner_id": "313578065517",
            "tags": {
              "Name": "ninjaVpc"
            },
            "tags_all": {
              "Name": "ninjaVpc"
            }
          },
          "sensitive_attributes": [],
          "private": "eyJzY2hlbWFfdmVyc2lvbiI6IjEifQ=="
        }
      ]
    }
  ],
  "check_results": null
}
